
Microsoft Visual Studio Solution File, Format Version 12.00
# Visual Studio Version 16
VisualStudioVersion = 16.0.29503.13
MinimumVisualStudioVersion = 10.0.40219.1
Project("{FAE04EC0-301F-11D3-BF4B-00C04F79EFBC}") = "fy3DModelControllib", "fy3DModelControllib\fy3DModelControllib.csproj", "{C29CA78C-FF8A-45E3-B0B6-81C7DD833AA9}"
EndProject
Project("{FAE04EC0-301F-11D3-BF4B-00C04F79EFBC}") = "Demo", "Demo\Demo.csproj", "{4789B743-ADC3-43BD-BE36-4A34BB550BA8}"
EndProject
Global
	GlobalSection(SolutionConfigurationPlatforms) = preSolution
		Debug|Any CPU = Debug|Any CPU
		Debug|x64 = Debug|x64
		Debug|x86 = Debug|x86
		Release|Any CPU = Release|Any CPU
		Release|x64 = Release|x64
		Release|x86 = Release|x86
	EndGlobalSection
	GlobalSection(ProjectConfigurationPlatforms) = postSolution
		{C29CA78C-FF8A-45E3-B0B6-81C7DD833AA9}.Debug|Any CPU.ActiveCfg = Debug|Any CPU
		{C29CA78C-FF8A-45E3-B0B6-81C7DD833AA9}.Debug|Any CPU.Build.0 = Debug|Any CPU
		{C29CA78C-FF8A-45E3-B0B6-81C7DD833AA9}.Debug|x64.ActiveCfg = Debug|Any CPU
		{C29CA78C-FF8A-45E3-B0B6-81C7DD833AA9}.Debug|x64.Build.0 = Debug|Any CPU
		{C29CA78C-FF8A-45E3-B0B6-81C7DD833AA9}.Debug|x86.ActiveCfg = Debug|Any CPU
		{C29CA78C-FF8A-45E3-B0B6-81C7DD833AA9}.Debug|x86.Build.0 = Debug|Any CPU
		{C29CA78C-FF8A-45E3-B0B6-81C7DD833AA9}.Release|Any CPU.ActiveCfg = Release|Any CPU
		{C29CA78C-FF8A-45E3-B0B6-81C7DD833AA9}.Release|Any CPU.Build.0 = Release|Any CPU
		{C29CA78C-FF8A-45E3-B0B6-81C7DD833AA9}.Release|x64.ActiveCfg = Release|Any CPU
		{C29CA78C-FF8A-45E3-B0B6-81C7DD833AA9}.Release|x64.Build.0 = Release|Any CPU
		{C29CA78C-FF8A-45E3-B0B6-81C7DD833AA9}.Release|x86.ActiveCfg = Release|Any CPU
		{C29CA78C-FF8A-45E3-B0B6-81C7DD833AA9}.Release|x86.Build.0 = Release|Any CPU
		{4789B743-ADC3-43BD-BE36-4A34BB550BA8}.Debug|Any CPU.ActiveCfg = Debug|Any CPU
		{4789B743-ADC3-43BD-BE36-4A34BB550BA8}.Debug|Any CPU.Build.0 = Debug|Any CPU
		{4789B743-ADC3-43BD-BE36-4A34BB550BA8}.Debug|x64.ActiveCfg = Debug|Any CPU
		{4789B743-ADC3-43BD-BE36-4A34BB550BA8}.Debug|x64.Build.0 = Debug|Any CPU
		{4789B743-ADC3-43BD-BE36-4A34BB550BA8}.Debug|x86.ActiveCfg = Debug|Any CPU
		{4789B743-ADC3-43BD-BE36-4A34BB550BA8}.Debug|x86.Build.0 = Debug|Any CPU
		{4789B743-ADC3-43BD-BE36-4A34BB550BA8}.Release|Any CPU.ActiveCfg = Release|Any CPU
		{4789B743-ADC3-43BD-BE36-4A34BB550BA8}.Release|Any CPU.Build.0 = Release|Any CPU
		{4789B743-ADC3-43BD-BE36-4A34BB550BA8}.Release|x64.ActiveCfg = Release|Any CPU
		{4789B743-ADC3-43BD-BE36-4A34BB550BA8}.Release|x64.Build.0 = Release|Any CPU
		{4789B743-ADC3-43BD-BE36-4A34BB550BA8}.Release|x86.ActiveCfg = Release|Any CPU
		{4789B743-ADC3-43BD-BE36-4A34BB550BA8}.Release|x86.Build.0 = Release|Any CPU
	EndGlobalSection
	GlobalSection(SolutionProperties) = preSolution
		HideSolutionNode = FALSE
	EndGlobalSection
	GlobalSection(ExtensibilityGlobals) = postSolution
		SolutionGuid = {0E51FCD9-DA47-405E-A7D0-616233F9F236}
	EndGlobalSection
EndGlobal
